// !$*UTF8*$!
{
	archiveVersion = 1;
	classes = {
	};
	objectVersion = 46;
	objects = {

/* Begin PBXBuildFile section */
		6E9307AC1EAAC603008FD647 /* Media.xcassets in Resources */ = {isa = PBXBuildFile; fileRef = 6E9307AB1EAAC603008FD647 /* Media.xcassets */; };
		6EEC11AD1EA9E1F9002E892B /* AppDelegate.swift in Sources */ = {isa = PBXBuildFile; fileRef = 6EEC11AC1EA9E1F9002E892B /* AppDelegate.swift */; };
		6EEC11AF1EA9E1F9002E892B /* ViewController.swift in Sources */ = {isa = PBXBuildFile; fileRef = 6EEC11AE1EA9E1F9002E892B /* ViewController.swift */; };
		6EEC11B21EA9E1F9002E892B /* Main.storyboard in Resources */ = {isa = PBXBuildFile; fileRef = 6EEC11B01EA9E1F9002E892B /* Main.storyboard */; };
		6EEC11B71EA9E1F9002E892B /* LaunchScreen.storyboard in Resources */ = {isa = PBXBuildFile; fileRef = 6EEC11B51EA9E1F9002E892B /* LaunchScreen.storyboard */; };
		6EEC11C21EA9E1F9002E892B /* winkie_wTests.swift in Sources */ = {isa = PBXBuildFile; fileRef = 6EEC11C11EA9E1F9002E892B /* winkie_wTests.swift */; };
		6EEC11CD1EA9E1FA002E892B /* winkie_wUITests.swift in Sources */ = {isa = PBXBuildFile; fileRef = 6EEC11CC1EA9E1FA002E892B /* winkie_wUITests.swift */; };
		6EEC11D21EA9E1FA002E892B /* winkie_w WatchKit App.app in Embed Watch Content */ = {isa = PBXBuildFile; fileRef = 6EEC11D11EA9E1FA002E892B /* winkie_w WatchKit App.app */; };
		6EEC11D81EA9E1FA002E892B /* Interface.storyboard in Resources */ = {isa = PBXBuildFile; fileRef = 6EEC11D61EA9E1FA002E892B /* Interface.storyboard */; };
		6EEC11DA1EA9E1FA002E892B /* Assets.xcassets in Resources */ = {isa = PBXBuildFile; fileRef = 6EEC11D91EA9E1FA002E892B /* Assets.xcassets */; };
		6EEC11E11EA9E1FA002E892B /* winkie_w WatchKit Extension.appex in Embed App Extensions */ = {isa = PBXBuildFile; fileRef = 6EEC11E01EA9E1FA002E892B /* winkie_w WatchKit Extension.appex */; settings = {ATTRIBUTES = (RemoveHeadersOnCopy, ); }; };
		6EEC11E81EA9E1FA002E892B /* InterfaceController.swift in Sources */ = {isa = PBXBuildFile; fileRef = 6EEC11E71EA9E1FA002E892B /* InterfaceController.swift */; };
		6EEC11EA1EA9E1FA002E892B /* ExtensionDelegate.swift in Sources */ = {isa = PBXBuildFile; fileRef = 6EEC11E91EA9E1FA002E892B /* ExtensionDelegate.swift */; };
		6EEC11EC1EA9E1FA002E892B /* NotificationController.swift in Sources */ = {isa = PBXBuildFile; fileRef = 6EEC11EB1EA9E1FA002E892B /* NotificationController.swift */; };
		6EEC11EE1EA9E1FA002E892B /* Assets.xcassets in Resources */ = {isa = PBXBuildFile; fileRef = 6EEC11ED1EA9E1FA002E892B /* Assets.xcassets */; };
/* End PBXBuildFile section */

/* Begin PBXContainerItemProxy section */
		6EEC11BE1EA9E1F9002E892B /* PBXContainerItemProxy */ = {
			isa = PBXContainerItemProxy;
			containerPortal = 6EEC11A11EA9E1F9002E892B /* Project object */;
			proxyType = 1;
			remoteGlobalIDString = 6EEC11A81EA9E1F9002E892B;
			remoteInfo = winkie_w;
		};
		6EEC11C91EA9E1F9002E892B /* PBXContainerItemProxy */ = {
			isa = PBXContainerItemProxy;
			containerPortal = 6EEC11A11EA9E1F9002E892B /* Project object */;
			proxyType = 1;
			remoteGlobalIDString = 6EEC11A81EA9E1F9002E892B;
			remoteInfo = winkie_w;
		};
		6EEC11D31EA9E1FA002E892B /* PBXContainerItemProxy */ = {
			isa = PBXContainerItemProxy;
			containerPortal = 6EEC11A11EA9E1F9002E892B /* Project object */;
			proxyType = 1;
			remoteGlobalIDString = 6EEC11D01EA9E1FA002E892B;
			remoteInfo = "winkie_w WatchKit App";
		};
		6EEC11E21EA9E1FA002E892B /* PBXContainerItemProxy */ = {
			isa = PBXContainerItemProxy;
			containerPortal = 6EEC11A11EA9E1F9002E892B /* Project object */;
			proxyType = 1;
			remoteGlobalIDString = 6EEC11DF1EA9E1FA002E892B;
			remoteInfo = "winkie_w WatchKit Extension";
		};
/* End PBXContainerItemProxy section */

/* Begin PBXCopyFilesBuildPhase section */
		6EEC11F51EA9E1FA002E892B /* Embed App Extensions */ = {
			isa = PBXCopyFilesBuildPhase;
			buildActionMask = 2147483647;
			dstPath = "";
			dstSubfolderSpec = 13;
			files = (
				6EEC11E11EA9E1FA002E892B /* winkie_w WatchKit Extension.appex in Embed App Extensions */,
			);
			name = "Embed App Extensions";
			runOnlyForDeploymentPostprocessing = 0;
		};
		6EEC11F91EA9E1FA002E892B /* Embed Watch Content */ = {
			isa = PBXCopyFilesBuildPhase;
			buildActionMask = 2147483647;
			dstPath = "$(CONTENTS_FOLDER_PATH)/Watch";
			dstSubfolderSpec = 16;
			files = (
				6EEC11D21EA9E1FA002E892B /* winkie_w WatchKit App.app in Embed Watch Content */,
			);
			name = "Embed Watch Content";
			runOnlyForDeploymentPostprocessing = 0;
		};
/* End PBXCopyFilesBuildPhase section */

/* Begin PBXFileReference section */
		6E9307AB1EAAC603008FD647 /* Media.xcassets */ = {isa = PBXFileReference; lastKnownFileType = folder.assetcatalog; path = Media.xcassets; sourceTree = "<group>"; };
		6EEC11A91EA9E1F9002E892B /* winkie_w.app */ = {isa = PBXFileReference; explicitFileType = wrapper.application; includeInIndex = 0; path = winkie_w.app; sourceTree = BUILT_PRODUCTS_DIR; };
		6EEC11AC1EA9E1F9002E892B /* AppDelegate.swift */ = {isa = PBXFileReference; lastKnownFileType = sourcecode.swift; path = AppDelegate.swift; sourceTree = "<group>"; };
		6EEC11AE1EA9E1F9002E892B /* ViewController.swift */ = {isa = PBXFileReference; lastKnownFileType = sourcecode.swift; path = ViewController.swift; sourceTree = "<group>"; };
		6EEC11B11EA9E1F9002E892B /* Base */ = {isa = PBXFileReference; lastKnownFileType = file.storyboard; name = Base; path = Base.lproj/Main.storyboard; sourceTree = "<group>"; };
		6EEC11B61EA9E1F9002E892B /* Base */ = {isa = PBXFileReference; lastKnownFileType = file.storyboard; name = Base; path = Base.lproj/LaunchScreen.storyboard; sourceTree = "<group>"; };
		6EEC11B81EA9E1F9002E892B /* Info.plist */ = {isa = PBXFileReference; lastKnownFileType = text.plist.xml; path = Info.plist; sourceTree = "<group>"; };
		6EEC11BD1EA9E1F9002E892B /* winkie_wTests.xctest */ = {isa = PBXFileReference; explicitFileType = wrapper.cfbundle; includeInIndex = 0; path = winkie_wTests.xctest; sourceTree = BUILT_PRODUCTS_DIR; };
		6EEC11C11EA9E1F9002E892B /* winkie_wTests.swift */ = {isa = PBXFileReference; lastKnownFileType = sourcecode.swift; path = winkie_wTests.swift; sourceTree = "<group>"; };
		6EEC11C31EA9E1F9002E892B /* Info.plist */ = {isa = PBXFileReference; lastKnownFileType = text.plist.xml; path = Info.plist; sourceTree = "<group>"; };
		6EEC11C81EA9E1F9002E892B /* winkie_wUITests.xctest */ = {isa = PBXFileReference; explicitFileType = wrapper.cfbundle; includeInIndex = 0; path = winkie_wUITests.xctest; sourceTree = BUILT_PRODUCTS_DIR; };
		6EEC11CC1EA9E1FA002E892B /* winkie_wUITests.swift */ = {isa = PBXFileReference; lastKnownFileType = sourcecode.swift; path = winkie_wUITests.swift; sourceTree = "<group>"; };
		6EEC11CE1EA9E1FA002E892B /* Info.plist */ = {isa = PBXFileReference; lastKnownFileType = text.plist.xml; path = Info.plist; sourceTree = "<group>"; };
		6EEC11D11EA9E1FA002E892B /* winkie_w WatchKit App.app */ = {isa = PBXFileReference; explicitFileType = wrapper.application; includeInIndex = 0; path = "winkie_w WatchKit App.app"; sourceTree = BUILT_PRODUCTS_DIR; };
		6EEC11D71EA9E1FA002E892B /* Base */ = {isa = PBXFileReference; lastKnownFileType = file.storyboard; name = Base; path = Base.lproj/Interface.storyboard; sourceTree = "<group>"; };
		6EEC11D91EA9E1FA002E892B /* Assets.xcassets */ = {isa = PBXFileReference; lastKnownFileType = folder.assetcatalog; path = Assets.xcassets; sourceTree = "<group>"; };
		6EEC11DB1EA9E1FA002E892B /* Info.plist */ = {isa = PBXFileReference; lastKnownFileType = text.plist.xml; path = Info.plist; sourceTree = "<group>"; };
		6EEC11E01EA9E1FA002E892B /* winkie_w WatchKit Extension.appex */ = {isa = PBXFileReference; explicitFileType = "wrapper.app-extension"; includeInIndex = 0; path = "winkie_w WatchKit Extension.appex"; sourceTree = BUILT_PRODUCTS_DIR; };
		6EEC11E61EA9E1FA002E892B /* PushNotificationPayload.apns */ = {isa = PBXFileReference; lastKnownFileType = text; path = PushNotificationPayload.apns; sourceTree = "<group>"; };
		6EEC11E71EA9E1FA002E892B /* InterfaceController.swift */ = {isa = PBXFileReference; lastKnownFileType = sourcecode.swift; path = InterfaceController.swift; sourceTree = "<group>"; };
		6EEC11E91EA9E1FA002E892B /* ExtensionDelegate.swift */ = {isa = PBXFileReference; lastKnownFileType = sourcecode.swift; path = ExtensionDelegate.swift; sourceTree = "<group>"; };
		6EEC11EB1EA9E1FA002E892B /* NotificationController.swift */ = {isa = PBXFileReference; lastKnownFileType = sourcecode.swift; path = NotificationController.swift; sourceTree = "<group>"; };
		6EEC11ED1EA9E1FA002E892B /* Assets.xcassets */ = {isa = PBXFileReference; lastKnownFileType = folder.assetcatalog; path = Assets.xcassets; sourceTree = "<group>"; };
		6EEC11EF1EA9E1FA002E892B /* Info.plist */ = {isa = PBXFileReference; lastKnownFileType = text.plist.xml; path = Info.plist; sourceTree = "<group>"; };
/* End PBXFileReference section */

/* Begin PBXFrameworksBuildPhase section */
		6EEC11A61EA9E1F9002E892B /* Frameworks */ = {
			isa = PBXFrameworksBuildPhase;
			buildActionMask = 2147483647;
			files = (
			);
			runOnlyForDeploymentPostprocessing = 0;
		};
		6EEC11BA1EA9E1F9002E892B /* Frameworks */ = {
			isa = PBXFrameworksBuildPhase;
			buildActionMask = 2147483647;
			files = (
			);
			runOnlyForDeploymentPostprocessing = 0;
		};
		6EEC11C51EA9E1F9002E892B /* Frameworks */ = {
			isa = PBXFrameworksBuildPhase;
			buildActionMask = 2147483647;
			files = (
			);
			runOnlyForDeploymentPostprocessing = 0;
		};
		6EEC11DD1EA9E1FA002E892B /* Frameworks */ = {
			isa = PBXFrameworksBuildPhase;
			buildActionMask = 2147483647;
			files = (
			);
			runOnlyForDeploymentPostprocessing = 0;
		};
/* End PBXFrameworksBuildPhase section */

/* Begin PBXGroup section */
		6EEC11A01EA9E1F9002E892B = {
			isa = PBXGroup;
			children = (
				6EEC11AB1EA9E1F9002E892B /* winkie_w */,
				6EEC11C01EA9E1F9002E892B /* winkie_wTests */,
				6EEC11CB1EA9E1FA002E892B /* winkie_wUITests */,
				6EEC11D51EA9E1FA002E892B /* winkie_w WatchKit App */,
				6EEC11E41EA9E1FA002E892B /* winkie_w WatchKit Extension */,
				6EEC11AA1EA9E1F9002E892B /* Products */,
			);
			sourceTree = "<group>";
		};
		6EEC11AA1EA9E1F9002E892B /* Products */ = {
			isa = PBXGroup;
			children = (
				6EEC11A91EA9E1F9002E892B /* winkie_w.app */,
				6EEC11BD1EA9E1F9002E892B /* winkie_wTests.xctest */,
				6EEC11C81EA9E1F9002E892B /* winkie_wUITests.xctest */,
				6EEC11D11EA9E1FA002E892B /* winkie_w WatchKit App.app */,
				6EEC11E01EA9E1FA002E892B /* winkie_w WatchKit Extension.appex */,
			);
			name = Products;
			sourceTree = "<group>";
		};
		6EEC11AB1EA9E1F9002E892B /* winkie_w */ = {
			isa = PBXGroup;
			children = (
				6EEC11AC1EA9E1F9002E892B /* AppDelegate.swift */,
				6EEC11AE1EA9E1F9002E892B /* ViewController.swift */,
				6EEC11B01EA9E1F9002E892B /* Main.storyboard */,
				6E9307AB1EAAC603008FD647 /* Media.xcassets */,
				6EEC11B51EA9E1F9002E892B /* LaunchScreen.storyboard */,
				6EEC11B81EA9E1F9002E892B /* Info.plist */,
			);
			path = winkie_w;
			sourceTree = "<group>";
		};
		6EEC11C01EA9E1F9002E892B /* winkie_wTests */ = {
			isa = PBXGroup;
			children = (
				6EEC11C11EA9E1F9002E892B /* winkie_wTests.swift */,
				6EEC11C31EA9E1F9002E892B /* Info.plist */,
			);
			path = winkie_wTests;
			sourceTree = "<group>";
		};
		6EEC11CB1EA9E1FA002E892B /* winkie_wUITests */ = {
			isa = PBXGroup;
			children = (
				6EEC11CC1EA9E1FA002E892B /* winkie_wUITests.swift */,
				6EEC11CE1EA9E1FA002E892B /* Info.plist */,
			);
			path = winkie_wUITests;
			sourceTree = "<group>";
		};
		6EEC11D51EA9E1FA002E892B /* winkie_w WatchKit App */ = {
			isa = PBXGroup;
			children = (
				6EEC11D61EA9E1FA002E892B /* Interface.storyboard */,
				6EEC11D91EA9E1FA002E892B /* Assets.xcassets */,
				6EEC11DB1EA9E1FA002E892B /* Info.plist */,
			);
			path = "winkie_w WatchKit App";
			sourceTree = "<group>";
		};
		6EEC11E41EA9E1FA002E892B /* winkie_w WatchKit Extension */ = {
			isa = PBXGroup;
			children = (
				6EEC11E71EA9E1FA002E892B /* InterfaceController.swift */,
				6EEC11E91EA9E1FA002E892B /* ExtensionDelegate.swift */,
				6EEC11EB1EA9E1FA002E892B /* NotificationController.swift */,
				6EEC11ED1EA9E1FA002E892B /* Assets.xcassets */,
				6EEC11EF1EA9E1FA002E892B /* Info.plist */,
				6EEC11E51EA9E1FA002E892B /* Supporting Files */,
			);
			path = "winkie_w WatchKit Extension";
			sourceTree = "<group>";
		};
		6EEC11E51EA9E1FA002E892B /* Supporting Files */ = {
			isa = PBXGroup;
			children = (
				6EEC11E61EA9E1FA002E892B /* PushNotificationPayload.apns */,
			);
			name = "Supporting Files";
			sourceTree = "<group>";
		};
/* End PBXGroup section */

/* Begin PBXNativeTarget section */
		6EEC11A81EA9E1F9002E892B /* winkie_w */ = {
			isa = PBXNativeTarget;
			buildConfigurationList = 6EEC11FA1EA9E1FA002E892B /* Build configuration list for PBXNativeTarget "winkie_w" */;
			buildPhases = (
				6EEC11A51EA9E1F9002E892B /* Sources */,
				6EEC11A61EA9E1F9002E892B /* Frameworks */,
				6EEC11A71EA9E1F9002E892B /* Resources */,
				6EEC11F91EA9E1FA002E892B /* Embed Watch Content */,
			);
			buildRules = (
			);
			dependencies = (
				6EEC11D41EA9E1FA002E892B /* PBXTargetDependency */,
			);
			name = winkie_w;
			productName = winkie_w;
			productReference = 6EEC11A91EA9E1F9002E892B /* winkie_w.app */;
			productType = "com.apple.product-type.application";
		};
		6EEC11BC1EA9E1F9002E892B /* winkie_wTests */ = {
			isa = PBXNativeTarget;
			buildConfigurationList = 6EEC11FD1EA9E1FA002E892B /* Build configuration list for PBXNativeTarget "winkie_wTests" */;
			buildPhases = (
				6EEC11B91EA9E1F9002E892B /* Sources */,
				6EEC11BA1EA9E1F9002E892B /* Frameworks */,
				6EEC11BB1EA9E1F9002E892B /* Resources */,
			);
			buildRules = (
			);
			dependencies = (
				6EEC11BF1EA9E1F9002E892B /* PBXTargetDependency */,
			);
			name = winkie_wTests;
			productName = winkie_wTests;
			productReference = 6EEC11BD1EA9E1F9002E892B /* winkie_wTests.xctest */;
			productType = "com.apple.product-type.bundle.unit-test";
		};
		6EEC11C71EA9E1F9002E892B /* winkie_wUITests */ = {
			isa = PBXNativeTarget;
			buildConfigurationList = 6EEC12001EA9E1FA002E892B /* Build configuration list for PBXNativeTarget "winkie_wUITests" */;
			buildPhases = (
				6EEC11C41EA9E1F9002E892B /* Sources */,
				6EEC11C51EA9E1F9002E892B /* Frameworks */,
				6EEC11C61EA9E1F9002E892B /* Resources */,
			);
			buildRules = (
			);
			dependencies = (
				6EEC11CA1EA9E1F9002E892B /* PBXTargetDependency */,
			);
			name = winkie_wUITests;
			productName = winkie_wUITests;
			productReference = 6EEC11C81EA9E1F9002E892B /* winkie_wUITests.xctest */;
			productType = "com.apple.product-type.bundle.ui-testing";
		};
		6EEC11D01EA9E1FA002E892B /* winkie_w WatchKit App */ = {
			isa = PBXNativeTarget;
			buildConfigurationList = 6EEC11F61EA9E1FA002E892B /* Build configuration list for PBXNativeTarget "winkie_w WatchKit App" */;
			buildPhases = (
				6EEC11CF1EA9E1FA002E892B /* Resources */,
				6EEC11F51EA9E1FA002E892B /* Embed App Extensions */,
			);
			buildRules = (
			);
			dependencies = (
				6EEC11E31EA9E1FA002E892B /* PBXTargetDependency */,
			);
			name = "winkie_w WatchKit App";
			productName = "winkie_w WatchKit App";
			productReference = 6EEC11D11EA9E1FA002E892B /* winkie_w WatchKit App.app */;
			productType = "com.apple.product-type.application.watchapp2";
		};
		6EEC11DF1EA9E1FA002E892B /* winkie_w WatchKit Extension */ = {
			isa = PBXNativeTarget;
			buildConfigurationList = 6EEC11F21EA9E1FA002E892B /* Build configuration list for PBXNativeTarget "winkie_w WatchKit Extension" */;
			buildPhases = (
				6EEC11DC1EA9E1FA002E892B /* Sources */,
				6EEC11DD1EA9E1FA002E892B /* Frameworks */,
				6EEC11DE1EA9E1FA002E892B /* Resources */,
			);
			buildRules = (
			);
			dependencies = (
			);
			name = "winkie_w WatchKit Extension";
			productName = "winkie_w WatchKit Extension";
			productReference = 6EEC11E01EA9E1FA002E892B /* winkie_w WatchKit Extension.appex */;
			productType = "com.apple.product-type.watchkit2-extension";
		};
/* End PBXNativeTarget section */

/* Begin PBXProject section */
		6EEC11A11EA9E1F9002E892B /* Project object */ = {
			isa = PBXProject;
			attributes = {
				LastSwiftUpdateCheck = 0830;
				LastUpgradeCheck = 0830;
				ORGANIZATIONNAME = "Austin Harshberger";
				TargetAttributes = {
					6EEC11A81EA9E1F9002E892B = {
						CreatedOnToolsVersion = 8.3.1;
						DevelopmentTeam = F869869292;
						ProvisioningStyle = Automatic;
					};
					6EEC11BC1EA9E1F9002E892B = {
						CreatedOnToolsVersion = 8.3.1;
						DevelopmentTeam = F869869292;
						ProvisioningStyle = Automatic;
						TestTargetID = 6EEC11A81EA9E1F9002E892B;
					};
					6EEC11C71EA9E1F9002E892B = {
						CreatedOnToolsVersion = 8.3.1;
						DevelopmentTeam = F869869292;
						ProvisioningStyle = Automatic;
						TestTargetID = 6EEC11A81EA9E1F9002E892B;
					};
					6EEC11D01EA9E1FA002E892B = {
						CreatedOnToolsVersion = 8.3.1;
						DevelopmentTeam = F869869292;
						ProvisioningStyle = Automatic;
					};
					6EEC11DF1EA9E1FA002E892B = {
						CreatedOnToolsVersion = 8.3.1;
						DevelopmentTeam = F869869292;
						ProvisioningStyle = Automatic;
					};
				};
			};
			buildConfigurationList = 6EEC11A41EA9E1F9002E892B /* Build configuration list for PBXProject "winkie_w" */;
			compatibilityVersion = "Xcode 3.2";
			developmentRegion = English;
			hasScannedForEncodings = 0;
			knownRegions = (
				en,
				Base,
			);
			mainGroup = 6EEC11A01EA9E1F9002E892B;
			productRefGroup = 6EEC11AA1EA9E1F9002E892B /* Products */;
			projectDirPath = "";
			projectRoot = "";
			targets = (
				6EEC11A81EA9E1F9002E892B /* winkie_w */,
				6EEC11BC1EA9E1F9002E892B /* winkie_wTests */,
				6EEC11C71EA9E1F9002E892B /* winkie_wUITests */,
				6EEC11D01EA9E1FA002E892B /* winkie_w WatchKit App */,
				6EEC11DF1EA9E1FA002E892B /* winkie_w WatchKit Extension */,
			);
		};
/* End PBXProject section */

/* Begin PBXResourcesBuildPhase section */
		6EEC11A71EA9E1F9002E892B /* Resources */ = {
			isa = PBXResourcesBuildPhase;
			buildActionMask = 2147483647;
			files = (
				6EEC11B71EA9E1F9002E892B /* LaunchScreen.storyboard in Resources */,
				6E9307AC1EAAC603008FD647 /* Media.xcassets in Resources */,
				6EEC11B21EA9E1F9002E892B /* Main.storyboard in Resources */,
			);
			runOnlyForDeploymentPostprocessing = 0;
		};
		6EEC11BB1EA9E1F9002E892B /* Resources */ = {
			isa = PBXResourcesBuildPhase;
			buildActionMask = 2147483647;
			files = (
			);
			runOnlyForDeploymentPostprocessing = 0;
		};
		6EEC11C61EA9E1F9002E892B /* Resources */ = {
			isa = PBXResourcesBuildPhase;
			buildActionMask = 2147483647;
			files = (
			);
			runOnlyForDeploymentPostprocessing = 0;
		};
		6EEC11CF1EA9E1FA002E892B /* Resources */ = {
			isa = PBXResourcesBuildPhase;
			buildActionMask = 2147483647;
			files = (
				6EEC11DA1EA9E1FA002E892B /* Assets.xcassets in Resources */,
				6EEC11D81EA9E1FA002E892B /* Interface.storyboard in Resources */,
			);
			runOnlyForDeploymentPostprocessing = 0;
		};
		6EEC11DE1EA9E1FA002E892B /* Resources */ = {
			isa = PBXResourcesBuildPhase;
			buildActionMask = 2147483647;
			files = (
				6EEC11EE1EA9E1FA002E892B /* Assets.xcassets in Resources */,
			);
			runOnlyForDeploymentPostprocessing = 0;
		};
/* End PBXResourcesBuildPhase section */

/* Begin PBXSourcesBuildPhase section */
		6EEC11A51EA9E1F9002E892B /* Sources */ = {
			isa = PBXSourcesBuildPhase;
			buildActionMask = 2147483647;
			files = (
				6EEC11AF1EA9E1F9002E892B /* ViewController.swift in Sources */,
				6EEC11AD1EA9E1F9002E892B /* AppDelegate.swift in Sources */,
			);
			runOnlyForDeploymentPostprocessing = 0;
		};
		6EEC11B91EA9E1F9002E892B /* Sources */ = {
			isa = PBXSourcesBuildPhase;
			buildActionMask = 2147483647;
			files = (
				6EEC11C21EA9E1F9002E892B /* winkie_wTests.swift in Sources */,
			);
			runOnlyForDeploymentPostprocessing = 0;
		};
		6EEC11C41EA9E1F9002E892B /* Sources */ = {
			isa = PBXSourcesBuildPhase;
			buildActionMask = 2147483647;
			files = (
				6EEC11CD1EA9E1FA002E892B /* winkie_wUITests.swift in Sources */,
			);
			runOnlyForDeploymentPostprocessing = 0;
		};
		6EEC11DC1EA9E1FA002E892B /* Sources */ = {
			isa = PBXSourcesBuildPhase;
			buildActionMask = 2147483647;
			files = (
				6EEC11EC1EA9E1FA002E892B /* NotificationController.swift in Sources */,
				6EEC11EA1EA9E1FA002E892B /* ExtensionDelegate.swift in Sources */,
				6EEC11E81EA9E1FA002E892B /* InterfaceController.swift in Sources */,
			);
			runOnlyForDeploymentPostprocessing = 0;
		};
/* End PBXSourcesBuildPhase section */

/* Begin PBXTargetDependency section */
		6EEC11BF1EA9E1F9002E892B /* PBXTargetDependency */ = {
			isa = PBXTargetDependency;
			target = 6EEC11A81EA9E1F9002E892B /* winkie_w */;
			targetProxy = 6EEC11BE1EA9E1F9002E892B /* PBXContainerItemProxy */;
		};
		6EEC11CA1EA9E1F9002E892B /* PBXTargetDependency */ = {
			isa = PBXTargetDependency;
			target = 6EEC11A81EA9E1F9002E892B /* winkie_w */;
			targetProxy = 6EEC11C91EA9E1F9002E892B /* PBXContainerItemProxy */;
		};
		6EEC11D41EA9E1FA002E892B /* PBXTargetDependency */ = {
			isa = PBXTargetDependency;
			target = 6EEC11D01EA9E1FA002E892B /* winkie_w WatchKit App */;
			targetProxy = 6EEC11D31EA9E1FA002E892B /* PBXContainerItemProxy */;
		};
		6EEC11E31EA9E1FA002E892B /* PBXTargetDependency */ = {
			isa = PBXTargetDependency;
			target = 6EEC11DF1EA9E1FA002E892B /* winkie_w WatchKit Extension */;
			targetProxy = 6EEC11E21EA9E1FA002E892B /* PBXContainerItemProxy */;
		};
/* End PBXTargetDependency section */

/* Begin PBXVariantGroup section */
		6EEC11B01EA9E1F9002E892B /* Main.storyboard */ = {
			isa = PBXVariantGroup;
			children = (
				6EEC11B11EA9E1F9002E892B /* Base */,
			);
			name = Main.storyboard;
			sourceTree = "<group>";
		};
		6EEC11B51EA9E1F9002E892B /* LaunchScreen.storyboard */ = {
			isa = PBXVariantGroup;
			children = (
				6EEC11B61EA9E1F9002E892B /* Base */,
			);
			name = LaunchScreen.storyboard;
			sourceTree = "<group>";
		};
		6EEC11D61EA9E1FA002E892B /* Interface.storyboard */ = {
			isa = PBXVariantGroup;
			children = (
				6EEC11D71EA9E1FA002E892B /* Base */,
			);
			name = Interface.storyboard;
			sourceTree = "<group>";
		};
/* End PBXVariantGroup section */

/* Begin XCBuildConfiguration section */
		6EEC11F01EA9E1FA002E892B /* Debug */ = {
			isa = XCBuildConfiguration;
			buildSettings = {
				ALWAYS_SEARCH_USER_PATHS = NO;
				CLANG_ANALYZER_NONNULL = YES;
				CLANG_ANALYZER_NUMBER_OBJECT_CONVERSION = YES_AGGRESSIVE;
				CLANG_CXX_LANGUAGE_STANDARD = "gnu++0x";
				CLANG_CXX_LIBRARY = "libc++";
				CLANG_ENABLE_MODULES = YES;
				CLANG_ENABLE_OBJC_ARC = YES;
				CLANG_WARN_BOOL_CONVERSION = YES;
				CLANG_WARN_CONSTANT_CONVERSION = YES;
				CLANG_WARN_DIRECT_OBJC_ISA_USAGE = YES_ERROR;
				CLANG_WARN_DOCUMENTATION_COMMENTS = YES;
				CLANG_WARN_EMPTY_BODY = YES;
				CLANG_WARN_ENUM_CONVERSION = YES;
				CLANG_WARN_INFINITE_RECURSION = YES;
				CLANG_WARN_INT_CONVERSION = YES;
				CLANG_WARN_OBJC_ROOT_CLASS = YES_ERROR;
				CLANG_WARN_SUSPICIOUS_MOVE = YES;
				CLANG_WARN_UNREACHABLE_CODE = YES;
				CLANG_WARN__DUPLICATE_METHOD_MATCH = YES;
				"CODE_SIGN_IDENTITY[sdk=iphoneos*]" = "iPhone Developer";
				COPY_PHASE_STRIP = NO;
				DEBUG_INFORMATION_FORMAT = dwarf;
				ENABLE_STRICT_OBJC_MSGSEND = YES;
				ENABLE_TESTABILITY = YES;
				GCC_C_LANGUAGE_STANDARD = gnu99;
				GCC_DYNAMIC_NO_PIC = NO;
				GCC_NO_COMMON_BLOCKS = YES;
				GCC_OPTIMIZATION_LEVEL = 0;
				GCC_PREPROCESSOR_DEFINITIONS = (
					"DEBUG=1",
					"$(inherited)",
				);
				GCC_WARN_64_TO_32_BIT_CONVERSION = YES;
				GCC_WARN_ABOUT_RETURN_TYPE = YES_ERROR;
				GCC_WARN_UNDECLARED_SELECTOR = YES;
				GCC_WARN_UNINITIALIZED_AUTOS = YES_AGGRESSIVE;
				GCC_WARN_UNUSED_FUNCTION = YES;
				GCC_WARN_UNUSED_VARIABLE = YES;
				IPHONEOS_DEPLOYMENT_TARGET = 10.3;
				MTL_ENABLE_DEBUG_INFO = YES;
				ONLY_ACTIVE_ARCH = YES;
				SDKROOT = iphoneos;
				SWIFT_ACTIVE_COMPILATION_CONDITIONS = DEBUG;
				SWIFT_OPTIMIZATION_LEVEL = "-Onone";
				TARGETED_DEVICE_FAMILY = "1,2";
			};
			name = Debug;
		};
		6EEC11F11EA9E1FA002E892B /* Release */ = {
			isa = XCBuildConfiguration;
			buildSettings = {
				ALWAYS_SEARCH_USER_PATHS = NO;
				CLANG_ANALYZER_NONNULL = YES;
				CLANG_ANALYZER_NUMBER_OBJECT_CONVERSION = YES_AGGRESSIVE;
				CLANG_CXX_LANGUAGE_STANDARD = "gnu++0x";
				CLANG_CXX_LIBRARY = "libc++";
				CLANG_ENABLE_MODULES = YES;
				CLANG_ENABLE_OBJC_ARC = YES;
				CLANG_WARN_BOOL_CONVERSION = YES;
				CLANG_WARN_CONSTANT_CONVERSION = YES;
				CLANG_WARN_DIRECT_OBJC_ISA_USAGE = YES_ERROR;
				CLANG_WARN_DOCUMENTATION_COMMENTS = YES;
				CLANG_WARN_EMPTY_BODY = YES;
				CLANG_WARN_ENUM_CONVERSION = YES;
				CLANG_WARN_INFINITE_RECURSION = YES;
				CLANG_WARN_INT_CONVERSION = YES;
				CLANG_WARN_OBJC_ROOT_CLASS = YES_ERROR;
				CLANG_WARN_SUSPICIOUS_MOVE = YES;
				CLANG_WARN_UNREACHABLE_CODE = YES;
				CLANG_WARN__DUPLICATE_METHOD_MATCH = YES;
				"CODE_SIGN_IDENTITY[sdk=iphoneos*]" = "iPhone Developer";
				COPY_PHASE_STRIP = NO;
				DEBUG_INFORMATION_FORMAT = "dwarf-with-dsym";
				ENABLE_NS_ASSERTIONS = NO;
				ENABLE_STRICT_OBJC_MSGSEND = YES;
				GCC_C_LANGUAGE_STANDARD = gnu99;
				GCC_NO_COMMON_BLOCKS = YES;
				GCC_WARN_64_TO_32_BIT_CONVERSION = YES;
				GCC_WARN_ABOUT_RETURN_TYPE = YES_ERROR;
				GCC_WARN_UNDECLARED_SELECTOR = YES;
				GCC_WARN_UNINITIALIZED_AUTOS = YES_AGGRESSIVE;
				GCC_WARN_UNUSED_FUNCTION = YES;
				GCC_WARN_UNUSED_VARIABLE = YES;
				IPHONEOS_DEPLOYMENT_TARGET = 10.3;
				MTL_ENABLE_DEBUG_INFO = NO;
				SDKROOT = iphoneos;
				SWIFT_OPTIMIZATION_LEVEL = "-Owholemodule";
				TARGETED_DEVICE_FAMILY = "1,2";
				VALIDATE_PRODUCT = YES;
			};
			name = Release;
		};
		6EEC11F31EA9E1FA002E892B /* Debug */ = {
			isa = XCBuildConfiguration;
			buildSettings = {
				ASSETCATALOG_COMPILER_COMPLICATION_NAME = Complication;
				DEVELOPMENT_TEAM = F869869292;
				INFOPLIST_FILE = "winkie_w WatchKit Extension/Info.plist";
				LD_RUNPATH_SEARCH_PATHS = "$(inherited) @executable_path/Frameworks @executable_path/../../Frameworks";
				PRODUCT_BUNDLE_IDENTIFIER = "com.madjaba.winkie-w.watchkitapp.watchkitextension";
				PRODUCT_NAME = "${TARGET_NAME}";
				SDKROOT = watchos;
				SKIP_INSTALL = YES;
				SWIFT_VERSION = 3.0;
				TARGETED_DEVICE_FAMILY = 4;
				WATCHOS_DEPLOYMENT_TARGET = 3.2;
			};
			name = Debug;
		};
		6EEC11F41EA9E1FA002E892B /* Release */ = {
			isa = XCBuildConfiguration;
			buildSettings = {
				ASSETCATALOG_COMPILER_COMPLICATION_NAME = Complication;
				DEVELOPMENT_TEAM = F869869292;
				INFOPLIST_FILE = "winkie_w WatchKit Extension/Info.plist";
				LD_RUNPATH_SEARCH_PATHS = "$(inherited) @executable_path/Frameworks @executable_path/../../Frameworks";
				PRODUCT_BUNDLE_IDENTIFIER = "com.madjaba.winkie-w.watchkitapp.watchkitextension";
				PRODUCT_NAME = "${TARGET_NAME}";
				SDKROOT = watchos;
				SKIP_INSTALL = YES;
				SWIFT_VERSION = 3.0;
				TARGETED_DEVICE_FAMILY = 4;
				WATCHOS_DEPLOYMENT_TARGET = 3.2;
			};
			name = Release;
		};
		6EEC11F71EA9E1FA002E892B /* Debug */ = {
			isa = XCBuildConfiguration;
			buildSettings = {
				ALWAYS_EMBED_SWIFT_STANDARD_LIBRARIES = YES;
				ASSETCATALOG_COMPILER_APPICON_NAME = AppIcon;
				DEVELOPMENT_TEAM = F869869292;
				IBSC_MODULE = winkie_w_WatchKit_Extension;
				INFOPLIST_FILE = "winkie_w WatchKit App/Info.plist";
				PRODUCT_BUNDLE_IDENTIFIER = "com.madjaba.winkie-w.watchkitapp";
				PRODUCT_NAME = "$(TARGET_NAME)";
				SDKROOT = watchos;
				SKIP_INSTALL = YES;
				SWIFT_VERSION = 3.0;
				TARGETED_DEVICE_FAMILY = 4;
				WATCHOS_DEPLOYMENT_TARGET = 3.2;
			};
			name = Debug;
		};
		6EEC11F81EA9E1FA002E892B /* Release */ = {
			isa = XCBuildConfiguration;
			buildSettings = {
				ALWAYS_EMBED_SWIFT_STANDARD_LIBRARIES = YES;
				ASSETCATALOG_COMPILER_APPICON_NAME = AppIcon;
				DEVELOPMENT_TEAM = F869869292;
				IBSC_MODULE = winkie_w_WatchKit_Extension;
				INFOPLIST_FILE = "winkie_w WatchKit App/Info.plist";
				PRODUCT_BUNDLE_IDENTIFIER = "com.madjaba.winkie-w.watchkitapp";
				PRODUCT_NAME = "$(TARGET_NAME)";
				SDKROOT = watchos;
				SKIP_INSTALL = YES;
				SWIFT_VERSION = 3.0;
				TARGETED_DEVICE_FAMILY = 4;
				WATCHOS_DEPLOYMENT_TARGET = 3.2;
			};
			name = Release;
		};
		6EEC11FB1EA9E1FA002E892B /* Debug */ = {
			isa = XCBuildConfiguration;
			buildSettings = {
				ASSETCATALOG_COMPILER_APPICON_NAME = AppIcon;
				DEVELOPMENT_TEAM = F869869292;
				INFOPLIST_FILE = winkie_w/Info.plist;
				LD_RUNPATH_SEARCH_PATHS = "$(inherited) @executable_path/Frameworks";
				PRODUCT_BUNDLE_IDENTIFIER = "com.madjaba.winkie-w";
				PRODUCT_NAME = "$(TARGET_NAME)";
				SWIFT_VERSION = 3.0;
			};
			name = Debug;
		};
		6EEC11FC1EA9E1FA002E892B /* Release */ = {
			isa = XCBuildConfiguration;
			buildSettings = {
				ASSETCATALOG_COMPILER_APPICON_NAME = AppIcon;
				DEVELOPMENT_TEAM = F869869292;
				INFOPLIST_FILE = winkie_w/Info.plist;
				LD_RUNPATH_SEARCH_PATHS = "$(inherited) @executable_path/Frameworks";
				PRODUCT_BUNDLE_IDENTIFIER = "com.madjaba.winkie-w";
				PRODUCT_NAME = "$(TARGET_NAME)";
				SWIFT_VERSION = 3.0;
			};
			name = Release;
		};
		6EEC11FE1EA9E1FA002E892B /* Debug */ = {
			isa = XCBuildConfiguration;
			buildSettings = {
				ALWAYS_EMBED_SWIFT_STANDARD_LIBRARIES = YES;
				BUNDLE_LOADER = "$(TEST_HOST)";
				DEVELOPMENT_TEAM = F869869292;
				INFOPLIST_FILE = winkie_wTests/Info.plist;
				LD_RUNPATH_SEARCH_PATHS = "$(inherited) @executable_path/Frameworks @loader_path/Frameworks";
				PRODUCT_BUNDLE_IDENTIFIER = "com.madjaba.winkie-wTests";
				PRODUCT_NAME = "$(TARGET_NAME)";
				SWIFT_VERSION = 3.0;
				TEST_HOST = "$(BUILT_PRODUCTS_DIR)/winkie_w.app/winkie_w";
			};
			name = Debug;
		};
		6EEC11FF1EA9E1FA002E892B /* Release */ = {
			isa = XCBuildConfiguration;
			buildSettings = {
				ALWAYS_EMBED_SWIFT_STANDARD_LIBRARIES = YES;
				BUNDLE_LOADER = "$(TEST_HOST)";
				DEVELOPMENT_TEAM = F869869292;
				INFOPLIST_FILE = winkie_wTests/Info.plist;
				LD_RUNPATH_SEARCH_PATHS = "$(inherited) @executable_path/Frameworks @loader_path/Frameworks";
				PRODUCT_BUNDLE_IDENTIFIER = "com.madjaba.winkie-wTests";
				PRODUCT_NAME = "$(TARGET_NAME)";
				SWIFT_VERSION = 3.0;
				TEST_HOST = "$(BUILT_PRODUCTS_DIR)/winkie_w.app/winkie_w";
			};
			name = Release;
		};
		6EEC12011EA9E1FA002E892B /* Debug */ = {
			isa = XCBuildConfiguration;
			buildSettings = {
				ALWAYS_EMBED_SWIFT_STANDARD_LIBRARIES = YES;
				DEVELOPMENT_TEAM = F869869292;
				INFOPLIST_FILE = winkie_wUITests/Info.plist;
				LD_RUNPATH_SEARCH_PATHS = "$(inherited) @executable_path/Frameworks @loader_path/Frameworks";
				PRODUCT_BUNDLE_IDENTIFIER = "com.madjaba.winkie-wUITests";
				PRODUCT_NAME = "$(TARGET_NAME)";
				SWIFT_VERSION = 3.0;
				TEST_TARGET_NAME = winkie_w;
			};
			name = Debug;
		};
		6EEC12021EA9E1FA002E892B /* Release */ = {
			isa = XCBuildConfiguration;
			buildSettings = {
				ALWAYS_EMBED_SWIFT_STANDARD_LIBRARIES = YES;
				DEVELOPMENT_TEAM = F869869292;
				INFOPLIST_FILE = winkie_wUITests/Info.plist;
				LD_RUNPATH_SEARCH_PATHS = "$(inherited) @executable_path/Frameworks @loader_path/Frameworks";
				PRODUCT_BUNDLE_IDENTIFIER = "com.madjaba.winkie-wUITests";
				PRODUCT_NAME = "$(TARGET_NAME)";
				SWIFT_VERSION = 3.0;
				TEST_TARGET_NAME = winkie_w;
			};
			name = Release;
		};
/* End XCBuildConfiguration section */

/* Begin XCConfigurationList section */
		6EEC11A41EA9E1F9002E892B /* Build configuration list for PBXProject "winkie_w" */ = {
			isa = XCConfigurationList;
			buildConfigurations = (
				6EEC11F01EA9E1FA002E892B /* Debug */,
				6EEC11F11EA9E1FA002E892B /* Release */,
			);
			defaultConfigurationIsVisible = 0;
			defaultConfigurationName = Release;
		};
		6EEC11F21EA9E1FA002E892B /* Build configuration list for PBXNativeTarget "winkie_w WatchKit Extension" */ = {
			isa = XCConfigurationList;
			buildConfigurations = (
				6EEC11F31EA9E1FA002E892B /* Debug */,
				6EEC11F41EA9E1FA002E892B /* Release */,
			);
			defaultConfigurationIsVisible = 0;
			defaultConfigurationName = Release;
		};
		6EEC11F61EA9E1FA002E892B /* Build configuration list for PBXNativeTarget "winkie_w WatchKit App" */ = {
			isa = XCConfigurationList;
			buildConfigurations = (
				6EEC11F71EA9E1FA002E892B /* Debug */,
				6EEC11F81EA9E1FA002E892B /* Release */,
			);
			defaultConfigurationIsVisible = 0;
			defaultConfigurationName = Release;
		};
		6EEC11FA1EA9E1FA002E892B /* Build configuration list for PBXNativeTarget "winkie_w" */ = {
			isa = XCConfigurationList;
			buildConfigurations = (
				6EEC11FB1EA9E1FA002E892B /* Debug */,
				6EEC11FC1EA9E1FA002E892B /* Release */,
			);
			defaultConfigurationIsVisible = 0;
			defaultConfigurationName = Release;
		};
		6EEC11FD1EA9E1FA002E892B /* Build configuration list for PBXNativeTarget "winkie_wTests" */ = {
			isa = XCConfigurationList;
			buildConfigurations = (
				6EEC11FE1EA9E1FA002E892B /* Debug */,
				6EEC11FF1EA9E1FA002E892B /* Release */,
			);
			defaultConfigurationIsVisible = 0;
			defaultConfigurationName = Release;
		};
		6EEC12001EA9E1FA002E892B /* Build configuration list for PBXNativeTarget "winkie_wUITests" */ = {
			isa = XCConfigurationList;
			buildConfigurations = (
				6EEC12011EA9E1FA002E892B /* Debug */,
				6EEC12021EA9E1FA002E892B /* Release */,
			);
			defaultConfigurationIsVisible = 0;
			defaultConfigurationName = Release;
		};
/* End XCConfigurationList section */
	};
	rootObject = 6EEC11A11EA9E1F9002E892B /* Project object */;
}
